
Microsoft Visual Studio Solution File, Format Version 12.00
# Visual Studio Version 17
VisualStudioVersion = 17.8.34316.72
MinimumVisualStudioVersion = 10.0.40219.1
Project("{FAE04EC0-301F-11D3-BF4B-00C04F79EFBC}") = "Musicalog", "Musicalog\Musicalog.csproj", "{E868D5A5-F5D3-4800-91EB-C3B9D38C515D}"
EndProject
Project("{2150E333-8FDC-42A3-9474-1A3956D46DE8}") = "src", "src", "{F800E531-C4F8-4509-A8B4-735972DEA3A3}"
EndProject
Project("{2150E333-8FDC-42A3-9474-1A3956D46DE8}") = "0 - Presentation", "0 - Presentation", "{B51F0788-02A5-4479-BE36-C6EF2DFAA5AD}"
EndProject
Project("{2150E333-8FDC-42A3-9474-1A3956D46DE8}") = "1 - Application", "1 - Application", "{31080D18-EB1F-471B-8BD0-26EECF29BEA9}"
EndProject
Project("{2150E333-8FDC-42A3-9474-1A3956D46DE8}") = "2 - Domain", "2 - Domain", "{7D64712A-B4C4-4AC4-BAD6-7A282A885735}"
EndProject
Project("{2150E333-8FDC-42A3-9474-1A3956D46DE8}") = "3 - Data", "3 - Data", "{E8D63C11-8228-4118-8AC8-0CCE9E2ED093}"
EndProject
Project("{2150E333-8FDC-42A3-9474-1A3956D46DE8}") = "Infrastructure", "Infrastructure", "{56A3BDF8-73FE-47A5-985A-A629B1090E9D}"
EndProject
Project("{FAE04EC0-301F-11D3-BF4B-00C04F79EFBC}") = "PresentationCLI", "PresentationCLI\PresentationCLI.csproj", "{7BD6E168-D436-44CC-BF60-D8A502D52319}"
EndProject
Project("{FAE04EC0-301F-11D3-BF4B-00C04F79EFBC}") = "Application.Core", "Application.Core\Application.Core.csproj", "{B82C116C-F6FF-4DF2-91D2-5F895E78BD70}"
EndProject
Project("{FAE04EC0-301F-11D3-BF4B-00C04F79EFBC}") = "Domain.Core", "Domain.Core\Domain.Core.csproj", "{B61D634C-8F83-4D89-8733-4660097E4A2C}"
EndProject
Project("{FAE04EC0-301F-11D3-BF4B-00C04F79EFBC}") = "Domain.DTO", "Domain.DTO\Domain.DTO.csproj", "{D85FB171-75F3-41F4-8F8D-73375516207C}"
EndProject
Project("{FAE04EC0-301F-11D3-BF4B-00C04F79EFBC}") = "Infrastructure.Configuration", "Infrastructure.Configuration\Infrastructure.Configuration.csproj", "{00A6F102-8997-4692-85A3-393CED36DE75}"
EndProject
Project("{FAE04EC0-301F-11D3-BF4B-00C04F79EFBC}") = "Infrastructure.Core", "Infrastructure.Core\Infrastructure.Core.csproj", "{BE394934-5DD5-4F58-B0F0-E24F56EE5AE7}"
EndProject
Project("{FAE04EC0-301F-11D3-BF4B-00C04F79EFBC}") = "Infrastructure.CrossCutting", "Infrastructure.CrossCutting\Infrastructure.CrossCutting.csproj", "{184314AF-9061-4A84-BD72-3EF885192BA2}"
EndProject
Project("{FAE04EC0-301F-11D3-BF4B-00C04F79EFBC}") = "Infrastructure.Extensions", "Infrastructure.Extensions\Infrastructure.Extensions.csproj", "{8CBDAFDF-AB7A-4D2E-94DE-C698D29BDFA6}"
EndProject
Project("{FAE04EC0-301F-11D3-BF4B-00C04F79EFBC}") = "SQLServerRepository", "SQLServerRepository\SQLServerRepository.csproj", "{351540B8-8FFD-4034-BA5A-3D38C32022E6}"
EndProject
Global
	GlobalSection(SolutionConfigurationPlatforms) = preSolution
		Debug|Any CPU = Debug|Any CPU
		Release|Any CPU = Release|Any CPU
	EndGlobalSection
	GlobalSection(ProjectConfigurationPlatforms) = postSolution
		{E868D5A5-F5D3-4800-91EB-C3B9D38C515D}.Debug|Any CPU.ActiveCfg = Debug|Any CPU
		{E868D5A5-F5D3-4800-91EB-C3B9D38C515D}.Debug|Any CPU.Build.0 = Debug|Any CPU
		{E868D5A5-F5D3-4800-91EB-C3B9D38C515D}.Release|Any CPU.ActiveCfg = Release|Any CPU
		{E868D5A5-F5D3-4800-91EB-C3B9D38C515D}.Release|Any CPU.Build.0 = Release|Any CPU
		{7BD6E168-D436-44CC-BF60-D8A502D52319}.Debug|Any CPU.ActiveCfg = Debug|Any CPU
		{7BD6E168-D436-44CC-BF60-D8A502D52319}.Debug|Any CPU.Build.0 = Debug|Any CPU
		{7BD6E168-D436-44CC-BF60-D8A502D52319}.Release|Any CPU.ActiveCfg = Release|Any CPU
		{7BD6E168-D436-44CC-BF60-D8A502D52319}.Release|Any CPU.Build.0 = Release|Any CPU
		{B82C116C-F6FF-4DF2-91D2-5F895E78BD70}.Debug|Any CPU.ActiveCfg = Debug|Any CPU
		{B82C116C-F6FF-4DF2-91D2-5F895E78BD70}.Debug|Any CPU.Build.0 = Debug|Any CPU
		{B82C116C-F6FF-4DF2-91D2-5F895E78BD70}.Release|Any CPU.ActiveCfg = Release|Any CPU
		{B82C116C-F6FF-4DF2-91D2-5F895E78BD70}.Release|Any CPU.Build.0 = Release|Any CPU
		{B61D634C-8F83-4D89-8733-4660097E4A2C}.Debug|Any CPU.ActiveCfg = Debug|Any CPU
		{B61D634C-8F83-4D89-8733-4660097E4A2C}.Debug|Any CPU.Build.0 = Debug|Any CPU
		{B61D634C-8F83-4D89-8733-4660097E4A2C}.Release|Any CPU.ActiveCfg = Release|Any CPU
		{B61D634C-8F83-4D89-8733-4660097E4A2C}.Release|Any CPU.Build.0 = Release|Any CPU
		{D85FB171-75F3-41F4-8F8D-73375516207C}.Debug|Any CPU.ActiveCfg = Debug|Any CPU
		{D85FB171-75F3-41F4-8F8D-73375516207C}.Debug|Any CPU.Build.0 = Debug|Any CPU
		{D85FB171-75F3-41F4-8F8D-73375516207C}.Release|Any CPU.ActiveCfg = Release|Any CPU
		{D85FB171-75F3-41F4-8F8D-73375516207C}.Release|Any CPU.Build.0 = Release|Any CPU
		{00A6F102-8997-4692-85A3-393CED36DE75}.Debug|Any CPU.ActiveCfg = Debug|Any CPU
		{00A6F102-8997-4692-85A3-393CED36DE75}.Debug|Any CPU.Build.0 = Debug|Any CPU
		{00A6F102-8997-4692-85A3-393CED36DE75}.Release|Any CPU.ActiveCfg = Release|Any CPU
		{00A6F102-8997-4692-85A3-393CED36DE75}.Release|Any CPU.Build.0 = Release|Any CPU
		{BE394934-5DD5-4F58-B0F0-E24F56EE5AE7}.Debug|Any CPU.ActiveCfg = Debug|Any CPU
		{BE394934-5DD5-4F58-B0F0-E24F56EE5AE7}.Debug|Any CPU.Build.0 = Debug|Any CPU
		{BE394934-5DD5-4F58-B0F0-E24F56EE5AE7}.Release|Any CPU.ActiveCfg = Release|Any CPU
		{BE394934-5DD5-4F58-B0F0-E24F56EE5AE7}.Release|Any CPU.Build.0 = Release|Any CPU
		{184314AF-9061-4A84-BD72-3EF885192BA2}.Debug|Any CPU.ActiveCfg = Debug|Any CPU
		{184314AF-9061-4A84-BD72-3EF885192BA2}.Debug|Any CPU.Build.0 = Debug|Any CPU
		{184314AF-9061-4A84-BD72-3EF885192BA2}.Release|Any CPU.ActiveCfg = Release|Any CPU
		{184314AF-9061-4A84-BD72-3EF885192BA2}.Release|Any CPU.Build.0 = Release|Any CPU
		{8CBDAFDF-AB7A-4D2E-94DE-C698D29BDFA6}.Debug|Any CPU.ActiveCfg = Debug|Any CPU
		{8CBDAFDF-AB7A-4D2E-94DE-C698D29BDFA6}.Debug|Any CPU.Build.0 = Debug|Any CPU
		{8CBDAFDF-AB7A-4D2E-94DE-C698D29BDFA6}.Release|Any CPU.ActiveCfg = Release|Any CPU
		{8CBDAFDF-AB7A-4D2E-94DE-C698D29BDFA6}.Release|Any CPU.Build.0 = Release|Any CPU
		{351540B8-8FFD-4034-BA5A-3D38C32022E6}.Debug|Any CPU.ActiveCfg = Debug|Any CPU
		{351540B8-8FFD-4034-BA5A-3D38C32022E6}.Debug|Any CPU.Build.0 = Debug|Any CPU
		{351540B8-8FFD-4034-BA5A-3D38C32022E6}.Release|Any CPU.ActiveCfg = Release|Any CPU
		{351540B8-8FFD-4034-BA5A-3D38C32022E6}.Release|Any CPU.Build.0 = Release|Any CPU
	EndGlobalSection
	GlobalSection(SolutionProperties) = preSolution
		HideSolutionNode = FALSE
	EndGlobalSection
	GlobalSection(NestedProjects) = preSolution
		{B51F0788-02A5-4479-BE36-C6EF2DFAA5AD} = {F800E531-C4F8-4509-A8B4-735972DEA3A3}
		{31080D18-EB1F-471B-8BD0-26EECF29BEA9} = {F800E531-C4F8-4509-A8B4-735972DEA3A3}
		{7D64712A-B4C4-4AC4-BAD6-7A282A885735} = {F800E531-C4F8-4509-A8B4-735972DEA3A3}
		{E8D63C11-8228-4118-8AC8-0CCE9E2ED093} = {F800E531-C4F8-4509-A8B4-735972DEA3A3}
		{56A3BDF8-73FE-47A5-985A-A629B1090E9D} = {F800E531-C4F8-4509-A8B4-735972DEA3A3}
		{7BD6E168-D436-44CC-BF60-D8A502D52319} = {B51F0788-02A5-4479-BE36-C6EF2DFAA5AD}
		{B82C116C-F6FF-4DF2-91D2-5F895E78BD70} = {31080D18-EB1F-471B-8BD0-26EECF29BEA9}
		{B61D634C-8F83-4D89-8733-4660097E4A2C} = {7D64712A-B4C4-4AC4-BAD6-7A282A885735}
		{D85FB171-75F3-41F4-8F8D-73375516207C} = {7D64712A-B4C4-4AC4-BAD6-7A282A885735}
		{00A6F102-8997-4692-85A3-393CED36DE75} = {56A3BDF8-73FE-47A5-985A-A629B1090E9D}
		{BE394934-5DD5-4F58-B0F0-E24F56EE5AE7} = {56A3BDF8-73FE-47A5-985A-A629B1090E9D}
		{184314AF-9061-4A84-BD72-3EF885192BA2} = {56A3BDF8-73FE-47A5-985A-A629B1090E9D}
		{8CBDAFDF-AB7A-4D2E-94DE-C698D29BDFA6} = {56A3BDF8-73FE-47A5-985A-A629B1090E9D}
		{351540B8-8FFD-4034-BA5A-3D38C32022E6} = {E8D63C11-8228-4118-8AC8-0CCE9E2ED093}
	EndGlobalSection
	GlobalSection(ExtensibilityGlobals) = postSolution
		SolutionGuid = {36CC9528-C05B-4BF8-B905-276727679EEF}
	EndGlobalSection
EndGlobal
